
Microsoft Visual Studio Solution File, Format Version 12.00
# Visual Studio 15
VisualStudioVersion = 15.0.27428.2037
MinimumVisualStudioVersion = 10.0.40219.1
Project("{FAE04EC0-301F-11D3-BF4B-00C04F79EFBC}") = "ET45_GeoMapas.Android", "ET45_GeoMapas\ET45_GeoMapas.Android\ET45_GeoMapas.Android.csproj", "{CB5B9731-45AA-4220-A277-F3DCC9A1BD4A}"
EndProject
Project("{FAE04EC0-301F-11D3-BF4B-00C04F79EFBC}") = "ET45_GeoMapas.iOS", "ET45_GeoMapas\ET45_GeoMapas.iOS\ET45_GeoMapas.iOS.csproj", "{ABD50FE5-27D8-4F79-954F-B0BAA88DFE04}"
EndProject
Project("{FAE04EC0-301F-11D3-BF4B-00C04F79EFBC}") = "ET45_GeoMapas.UWP", "ET45_GeoMapas\ET45_GeoMapas.UWP\ET45_GeoMapas.UWP.csproj", "{CAAD504D-B3F5-4EAD-911E-2DCC5D1A30E7}"
EndProject
Project("{FAE04EC0-301F-11D3-BF4B-00C04F79EFBC}") = "ET45_GeoMapas", "ET45_GeoMapas\ET45_GeoMapas\ET45_GeoMapas.csproj", "{C1D0CF9B-3F88-4CF9-A5F3-8E69CC239190}"
EndProject
Global
	GlobalSection(SolutionConfigurationPlatforms) = preSolution
		Ad-Hoc|Any CPU = Ad-Hoc|Any CPU
		Ad-Hoc|ARM = Ad-Hoc|ARM
		Ad-Hoc|iPhone = Ad-Hoc|iPhone
		Ad-Hoc|iPhoneSimulator = Ad-Hoc|iPhoneSimulator
		Ad-Hoc|x64 = Ad-Hoc|x64
		Ad-Hoc|x86 = Ad-Hoc|x86
		AppStore|Any CPU = AppStore|Any CPU
		AppStore|ARM = AppStore|ARM
		AppStore|iPhone = AppStore|iPhone
		AppStore|iPhoneSimulator = AppStore|iPhoneSimulator
		AppStore|x64 = AppStore|x64
		AppStore|x86 = AppStore|x86
		Debug|Any CPU = Debug|Any CPU
		Debug|ARM = Debug|ARM
		Debug|iPhone = Debug|iPhone
		Debug|iPhoneSimulator = Debug|iPhoneSimulator
		Debug|x64 = Debug|x64
		Debug|x86 = Debug|x86
		Release|Any CPU = Release|Any CPU
		Release|ARM = Release|ARM
		Release|iPhone = Release|iPhone
		Release|iPhoneSimulator = Release|iPhoneSimulator
		Release|x64 = Release|x64
		Release|x86 = Release|x86
	EndGlobalSection
	GlobalSection(ProjectConfigurationPlatforms) = postSolution
		{CB5B9731-45AA-4220-A277-F3DCC9A1BD4A}.Ad-Hoc|Any CPU.ActiveCfg = Release|Any CPU
		{CB5B9731-45AA-4220-A277-F3DCC9A1BD4A}.Ad-Hoc|Any CPU.Build.0 = Release|Any CPU
		{CB5B9731-45AA-4220-A277-F3DCC9A1BD4A}.Ad-Hoc|Any CPU.Deploy.0 = Release|Any CPU
		{CB5B9731-45AA-4220-A277-F3DCC9A1BD4A}.Ad-Hoc|ARM.ActiveCfg = Release|Any CPU
		{CB5B9731-45AA-4220-A277-F3DCC9A1BD4A}.Ad-Hoc|ARM.Build.0 = Release|Any CPU
		{CB5B9731-45AA-4220-A277-F3DCC9A1BD4A}.Ad-Hoc|ARM.Deploy.0 = Release|Any CPU
		{CB5B9731-45AA-4220-A277-F3DCC9A1BD4A}.Ad-Hoc|iPhone.ActiveCfg = Release|Any CPU
		{CB5B9731-45AA-4220-A277-F3DCC9A1BD4A}.Ad-Hoc|iPhone.Build.0 = Release|Any CPU
		{CB5B9731-45AA-4220-A277-F3DCC9A1BD4A}.Ad-Hoc|iPhone.Deploy.0 = Release|Any CPU
		{CB5B9731-45AA-4220-A277-F3DCC9A1BD4A}.Ad-Hoc|iPhoneSimulator.ActiveCfg = Release|Any CPU
		{CB5B9731-45AA-4220-A277-F3DCC9A1BD4A}.Ad-Hoc|iPhoneSimulator.Build.0 = Release|Any CPU
		{CB5B9731-45AA-4220-A277-F3DCC9A1BD4A}.Ad-Hoc|iPhoneSimulator.Deploy.0 = Release|Any CPU
		{CB5B9731-45AA-4220-A277-F3DCC9A1BD4A}.Ad-Hoc|x64.ActiveCfg = Release|Any CPU
		{CB5B9731-45AA-4220-A277-F3DCC9A1BD4A}.Ad-Hoc|x64.Build.0 = Release|Any CPU
		{CB5B9731-45AA-4220-A277-F3DCC9A1BD4A}.Ad-Hoc|x64.Deploy.0 = Release|Any CPU
		{CB5B9731-45AA-4220-A277-F3DCC9A1BD4A}.Ad-Hoc|x86.ActiveCfg = Release|Any CPU
		{CB5B9731-45AA-4220-A277-F3DCC9A1BD4A}.Ad-Hoc|x86.Build.0 = Release|Any CPU
		{CB5B9731-45AA-4220-A277-F3DCC9A1BD4A}.Ad-Hoc|x86.Deploy.0 = Release|Any CPU
		{CB5B9731-45AA-4220-A277-F3DCC9A1BD4A}.AppStore|Any CPU.ActiveCfg = Release|Any CPU
		{CB5B9731-45AA-4220-A277-F3DCC9A1BD4A}.AppStore|Any CPU.Build.0 = Release|Any CPU
		{CB5B9731-45AA-4220-A277-F3DCC9A1BD4A}.AppStore|Any CPU.Deploy.0 = Release|Any CPU
		{CB5B9731-45AA-4220-A277-F3DCC9A1BD4A}.AppStore|ARM.ActiveCfg = Release|Any CPU
		{CB5B9731-45AA-4220-A277-F3DCC9A1BD4A}.AppStore|ARM.Build.0 = Release|Any CPU
		{CB5B9731-45AA-4220-A277-F3DCC9A1BD4A}.AppStore|ARM.Deploy.0 = Release|Any CPU
		{CB5B9731-45AA-4220-A277-F3DCC9A1BD4A}.AppStore|iPhone.ActiveCfg = Release|Any CPU
		{CB5B9731-45AA-4220-A277-F3DCC9A1BD4A}.AppStore|iPhone.Build.0 = Release|Any CPU
		{CB5B9731-45AA-4220-A277-F3DCC9A1BD4A}.AppStore|iPhone.Deploy.0 = Release|Any CPU
		{CB5B9731-45AA-4220-A277-F3DCC9A1BD4A}.AppStore|iPhoneSimulator.ActiveCfg = Release|Any CPU
		{CB5B9731-45AA-4220-A277-F3DCC9A1BD4A}.AppStore|iPhoneSimulator.Build.0 = Release|Any CPU
		{CB5B9731-45AA-4220-A277-F3DCC9A1BD4A}.AppStore|iPhoneSimulator.Deploy.0 = Release|Any CPU
		{CB5B9731-45AA-4220-A277-F3DCC9A1BD4A}.AppStore|x64.ActiveCfg = Release|Any CPU
		{CB5B9731-45AA-4220-A277-F3DCC9A1BD4A}.AppStore|x64.Build.0 = Release|Any CPU
		{CB5B9731-45AA-4220-A277-F3DCC9A1BD4A}.AppStore|x64.Deploy.0 = Release|Any CPU
		{CB5B9731-45AA-4220-A277-F3DCC9A1BD4A}.AppStore|x86.ActiveCfg = Release|Any CPU
		{CB5B9731-45AA-4220-A277-F3DCC9A1BD4A}.AppStore|x86.Build.0 = Release|Any CPU
		{CB5B9731-45AA-4220-A277-F3DCC9A1BD4A}.AppStore|x86.Deploy.0 = Release|Any CPU
		{CB5B9731-45AA-4220-A277-F3DCC9A1BD4A}.Debug|Any CPU.ActiveCfg = Debug|Any CPU
		{CB5B9731-45AA-4220-A277-F3DCC9A1BD4A}.Debug|Any CPU.Build.0 = Debug|Any CPU
		{CB5B9731-45AA-4220-A277-F3DCC9A1BD4A}.Debug|Any CPU.Deploy.0 = Debug|Any CPU
		{CB5B9731-45AA-4220-A277-F3DCC9A1BD4A}.Debug|ARM.ActiveCfg = Debug|Any CPU
		{CB5B9731-45AA-4220-A277-F3DCC9A1BD4A}.Debug|ARM.Build.0 = Debug|Any CPU
		{CB5B9731-45AA-4220-A277-F3DCC9A1BD4A}.Debug|ARM.Deploy.0 = Debug|Any CPU
		{CB5B9731-45AA-4220-A277-F3DCC9A1BD4A}.Debug|iPhone.ActiveCfg = Debug|Any CPU
		{CB5B9731-45AA-4220-A277-F3DCC9A1BD4A}.Debug|iPhone.Build.0 = Debug|Any CPU
		{CB5B9731-45AA-4220-A277-F3DCC9A1BD4A}.Debug|iPhone.Deploy.0 = Debug|Any CPU
		{CB5B9731-45AA-4220-A277-F3DCC9A1BD4A}.Debug|iPhoneSimulator.ActiveCfg = Debug|Any CPU
		{CB5B9731-45AA-4220-A277-F3DCC9A1BD4A}.Debug|iPhoneSimulator.Build.0 = Debug|Any CPU
		{CB5B9731-45AA-4220-A277-F3DCC9A1BD4A}.Debug|iPhoneSimulator.Deploy.0 = Debug|Any CPU
		{CB5B9731-45AA-4220-A277-F3DCC9A1BD4A}.Debug|x64.ActiveCfg = Debug|Any CPU
		{CB5B9731-45AA-4220-A277-F3DCC9A1BD4A}.Debug|x64.Build.0 = Debug|Any CPU
		{CB5B9731-45AA-4220-A277-F3DCC9A1BD4A}.Debug|x64.Deploy.0 = Debug|Any CPU
		{CB5B9731-45AA-4220-A277-F3DCC9A1BD4A}.Debug|x86.ActiveCfg = Debug|Any CPU
		{CB5B9731-45AA-4220-A277-F3DCC9A1BD4A}.Debug|x86.Build.0 = Debug|Any CPU
		{CB5B9731-45AA-4220-A277-F3DCC9A1BD4A}.Debug|x86.Deploy.0 = Debug|Any CPU
		{CB5B9731-45AA-4220-A277-F3DCC9A1BD4A}.Release|Any CPU.ActiveCfg = Release|Any CPU
		{CB5B9731-45AA-4220-A277-F3DCC9A1BD4A}.Release|Any CPU.Build.0 = Release|Any CPU
		{CB5B9731-45AA-4220-A277-F3DCC9A1BD4A}.Release|Any CPU.Deploy.0 = Release|Any CPU
		{CB5B9731-45AA-4220-A277-F3DCC9A1BD4A}.Release|ARM.ActiveCfg = Release|Any CPU
		{CB5B9731-45AA-4220-A277-F3DCC9A1BD4A}.Release|ARM.Build.0 = Release|Any CPU
		{CB5B9731-45AA-4220-A277-F3DCC9A1BD4A}.Release|ARM.Deploy.0 = Release|Any CPU
		{CB5B9731-45AA-4220-A277-F3DCC9A1BD4A}.Release|iPhone.ActiveCfg = Release|Any CPU
		{CB5B9731-45AA-4220-A277-F3DCC9A1BD4A}.Release|iPhone.Build.0 = Release|Any CPU
		{CB5B9731-45AA-4220-A277-F3DCC9A1BD4A}.Release|iPhone.Deploy.0 = Release|Any CPU
		{CB5B9731-45AA-4220-A277-F3DCC9A1BD4A}.Release|iPhoneSimulator.ActiveCfg = Release|Any CPU
		{CB5B9731-45AA-4220-A277-F3DCC9A1BD4A}.Release|iPhoneSimulator.Build.0 = Release|Any CPU
		{CB5B9731-45AA-4220-A277-F3DCC9A1BD4A}.Release|iPhoneSimulator.Deploy.0 = Release|Any CPU
		{CB5B9731-45AA-4220-A277-F3DCC9A1BD4A}.Release|x64.ActiveCfg = Release|Any CPU
		{CB5B9731-45AA-4220-A277-F3DCC9A1BD4A}.Release|x64.Build.0 = Release|Any CPU
		{CB5B9731-45AA-4220-A277-F3DCC9A1BD4A}.Release|x64.Deploy.0 = Release|Any CPU
		{CB5B9731-45AA-4220-A277-F3DCC9A1BD4A}.Release|x86.ActiveCfg = Release|Any CPU
		{CB5B9731-45AA-4220-A277-F3DCC9A1BD4A}.Release|x86.Build.0 = Release|Any CPU
		{CB5B9731-45AA-4220-A277-F3DCC9A1BD4A}.Release|x86.Deploy.0 = Release|Any CPU
		{ABD50FE5-27D8-4F79-954F-B0BAA88DFE04}.Ad-Hoc|Any CPU.ActiveCfg = Ad-Hoc|iPhone
		{ABD50FE5-27D8-4F79-954F-B0BAA88DFE04}.Ad-Hoc|ARM.ActiveCfg = Ad-Hoc|iPhone
		{ABD50FE5-27D8-4F79-954F-B0BAA88DFE04}.Ad-Hoc|iPhone.ActiveCfg = Ad-Hoc|iPhone
		{ABD50FE5-27D8-4F79-954F-B0BAA88DFE04}.Ad-Hoc|iPhone.Build.0 = Ad-Hoc|iPhone
		{ABD50FE5-27D8-4F79-954F-B0BAA88DFE04}.Ad-Hoc|iPhoneSimulator.ActiveCfg = Ad-Hoc|iPhoneSimulator
		{ABD50FE5-27D8-4F79-954F-B0BAA88DFE04}.Ad-Hoc|iPhoneSimulator.Build.0 = Ad-Hoc|iPhoneSimulator
		{ABD50FE5-27D8-4F79-954F-B0BAA88DFE04}.Ad-Hoc|x64.ActiveCfg = Ad-Hoc|iPhone
		{ABD50FE5-27D8-4F79-954F-B0BAA88DFE04}.Ad-Hoc|x86.ActiveCfg = Ad-Hoc|iPhone
		{ABD50FE5-27D8-4F79-954F-B0BAA88DFE04}.AppStore|Any CPU.ActiveCfg = AppStore|iPhone
		{ABD50FE5-27D8-4F79-954F-B0BAA88DFE04}.AppStore|ARM.ActiveCfg = AppStore|iPhone
		{ABD50FE5-27D8-4F79-954F-B0BAA88DFE04}.AppStore|iPhone.ActiveCfg = AppStore|iPhone
		{ABD50FE5-27D8-4F79-954F-B0BAA88DFE04}.AppStore|iPhone.Build.0 = AppStore|iPhone
		{ABD50FE5-27D8-4F79-954F-B0BAA88DFE04}.AppStore|iPhoneSimulator.ActiveCfg = AppStore|iPhoneSimulator
		{ABD50FE5-27D8-4F79-954F-B0BAA88DFE04}.AppStore|iPhoneSimulator.Build.0 = AppStore|iPhoneSimulator
		{ABD50FE5-27D8-4F79-954F-B0BAA88DFE04}.AppStore|x64.ActiveCfg = AppStore|iPhone
		{ABD50FE5-27D8-4F79-954F-B0BAA88DFE04}.AppStore|x86.ActiveCfg = AppStore|iPhone
		{ABD50FE5-27D8-4F79-954F-B0BAA88DFE04}.Debug|Any CPU.ActiveCfg = Debug|iPhone
		{ABD50FE5-27D8-4F79-954F-B0BAA88DFE04}.Debug|ARM.ActiveCfg = Debug|iPhone
		{ABD50FE5-27D8-4F79-954F-B0BAA88DFE04}.Debug|iPhone.ActiveCfg = Debug|iPhone
		{ABD50FE5-27D8-4F79-954F-B0BAA88DFE04}.Debug|iPhone.Build.0 = Debug|iPhone
		{ABD50FE5-27D8-4F79-954F-B0BAA88DFE04}.Debug|iPhoneSimulator.ActiveCfg = Debug|iPhoneSimulator
		{ABD50FE5-27D8-4F79-954F-B0BAA88DFE04}.Debug|iPhoneSimulator.Build.0 = Debug|iPhoneSimulator
		{ABD50FE5-27D8-4F79-954F-B0BAA88DFE04}.Debug|x64.ActiveCfg = Debug|iPhone
		{ABD50FE5-27D8-4F79-954F-B0BAA88DFE04}.Debug|x86.ActiveCfg = Debug|iPhone
		{ABD50FE5-27D8-4F79-954F-B0BAA88DFE04}.Release|Any CPU.ActiveCfg = Release|iPhone
		{ABD50FE5-27D8-4F79-954F-B0BAA88DFE04}.Release|ARM.ActiveCfg = Release|iPhone
		{ABD50FE5-27D8-4F79-954F-B0BAA88DFE04}.Release|iPhone.ActiveCfg = Release|iPhone
		{ABD50FE5-27D8-4F79-954F-B0BAA88DFE04}.Release|iPhone.Build.0 = Release|iPhone
		{ABD50FE5-27D8-4F79-954F-B0BAA88DFE04}.Release|iPhoneSimulator.ActiveCfg = Release|iPhoneSimulator
		{ABD50FE5-27D8-4F79-954F-B0BAA88DFE04}.Release|iPhoneSimulator.Build.0 = Release|iPhoneSimulator
		{ABD50FE5-27D8-4F79-954F-B0BAA88DFE04}.Release|x64.ActiveCfg = Release|iPhone
		{ABD50FE5-27D8-4F79-954F-B0BAA88DFE04}.Release|x86.ActiveCfg = Release|iPhone
		{CAAD504D-B3F5-4EAD-911E-2DCC5D1A30E7}.Ad-Hoc|Any CPU.ActiveCfg = Release|x86
		{CAAD504D-B3F5-4EAD-911E-2DCC5D1A30E7}.Ad-Hoc|Any CPU.Build.0 = Release|x86
		{CAAD504D-B3F5-4EAD-911E-2DCC5D1A30E7}.Ad-Hoc|Any CPU.Deploy.0 = Release|x86
		{CAAD504D-B3F5-4EAD-911E-2DCC5D1A30E7}.Ad-Hoc|ARM.ActiveCfg = Release|ARM
		{CAAD504D-B3F5-4EAD-911E-2DCC5D1A30E7}.Ad-Hoc|ARM.Build.0 = Release|ARM
		{CAAD504D-B3F5-4EAD-911E-2DCC5D1A30E7}.Ad-Hoc|ARM.Deploy.0 = Release|ARM
		{CAAD504D-B3F5-4EAD-911E-2DCC5D1A30E7}.Ad-Hoc|iPhone.ActiveCfg = Release|x86
		{CAAD504D-B3F5-4EAD-911E-2DCC5D1A30E7}.Ad-Hoc|iPhone.Build.0 = Release|x86
		{CAAD504D-B3F5-4EAD-911E-2DCC5D1A30E7}.Ad-Hoc|iPhone.Deploy.0 = Release|x86
		{CAAD504D-B3F5-4EAD-911E-2DCC5D1A30E7}.Ad-Hoc|iPhoneSimulator.ActiveCfg = Release|x86
		{CAAD504D-B3F5-4EAD-911E-2DCC5D1A30E7}.Ad-Hoc|iPhoneSimulator.Build.0 = Release|x86
		{CAAD504D-B3F5-4EAD-911E-2DCC5D1A30E7}.Ad-Hoc|iPhoneSimulator.Deploy.0 = Release|x86
		{CAAD504D-B3F5-4EAD-911E-2DCC5D1A30E7}.Ad-Hoc|x64.ActiveCfg = Release|x64
		{CAAD504D-B3F5-4EAD-911E-2DCC5D1A30E7}.Ad-Hoc|x64.Build.0 = Release|x64
		{CAAD504D-B3F5-4EAD-911E-2DCC5D1A30E7}.Ad-Hoc|x64.Deploy.0 = Release|x64
		{CAAD504D-B3F5-4EAD-911E-2DCC5D1A30E7}.Ad-Hoc|x86.ActiveCfg = Release|x86
		{CAAD504D-B3F5-4EAD-911E-2DCC5D1A30E7}.Ad-Hoc|x86.Build.0 = Release|x86
		{CAAD504D-B3F5-4EAD-911E-2DCC5D1A30E7}.Ad-Hoc|x86.Deploy.0 = Release|x86
		{CAAD504D-B3F5-4EAD-911E-2DCC5D1A30E7}.AppStore|Any CPU.ActiveCfg = Release|x86
		{CAAD504D-B3F5-4EAD-911E-2DCC5D1A30E7}.AppStore|Any CPU.Build.0 = Release|x86
		{CAAD504D-B3F5-4EAD-911E-2DCC5D1A30E7}.AppStore|Any CPU.Deploy.0 = Release|x86
		{CAAD504D-B3F5-4EAD-911E-2DCC5D1A30E7}.AppStore|ARM.ActiveCfg = Release|ARM
		{CAAD504D-B3F5-4EAD-911E-2DCC5D1A30E7}.AppStore|ARM.Build.0 = Release|ARM
		{CAAD504D-B3F5-4EAD-911E-2DCC5D1A30E7}.AppStore|ARM.Deploy.0 = Release|ARM
		{CAAD504D-B3F5-4EAD-911E-2DCC5D1A30E7}.AppStore|iPhone.ActiveCfg = Release|x86
		{CAAD504D-B3F5-4EAD-911E-2DCC5D1A30E7}.AppStore|iPhone.Build.0 = Release|x86
		{CAAD504D-B3F5-4EAD-911E-2DCC5D1A30E7}.AppStore|iPhone.Deploy.0 = Release|x86
		{CAAD504D-B3F5-4EAD-911E-2DCC5D1A30E7}.AppStore|iPhoneSimulator.ActiveCfg = Release|x86
		{CAAD504D-B3F5-4EAD-911E-2DCC5D1A30E7}.AppStore|iPhoneSimulator.Build.0 = Release|x86
		{CAAD504D-B3F5-4EAD-911E-2DCC5D1A30E7}.AppStore|iPhoneSimulator.Deploy.0 = Release|x86
		{CAAD504D-B3F5-4EAD-911E-2DCC5D1A30E7}.AppStore|x64.ActiveCfg = Release|x64
		{CAAD504D-B3F5-4EAD-911E-2DCC5D1A30E7}.AppStore|x64.Build.0 = Release|x64
		{CAAD504D-B3F5-4EAD-911E-2DCC5D1A30E7}.AppStore|x64.Deploy.0 = Release|x64
		{CAAD504D-B3F5-4EAD-911E-2DCC5D1A30E7}.AppStore|x86.ActiveCfg = Release|x86
		{CAAD504D-B3F5-4EAD-911E-2DCC5D1A30E7}.AppStore|x86.Build.0 = Release|x86
		{CAAD504D-B3F5-4EAD-911E-2DCC5D1A30E7}.AppStore|x86.Deploy.0 = Release|x86
		{CAAD504D-B3F5-4EAD-911E-2DCC5D1A30E7}.Debug|Any CPU.ActiveCfg = Debug|x86
		{CAAD504D-B3F5-4EAD-911E-2DCC5D1A30E7}.Debug|ARM.ActiveCfg = Debug|ARM
		{CAAD504D-B3F5-4EAD-911E-2DCC5D1A30E7}.Debug|ARM.Build.0 = Debug|ARM
		{CAAD504D-B3F5-4EAD-911E-2DCC5D1A30E7}.Debug|ARM.Deploy.0 = Debug|ARM
		{CAAD504D-B3F5-4EAD-911E-2DCC5D1A30E7}.Debug|iPhone.ActiveCfg = Debug|x86
		{CAAD504D-B3F5-4EAD-911E-2DCC5D1A30E7}.Debug|iPhoneSimulator.ActiveCfg = Debug|x86
		{CAAD504D-B3F5-4EAD-911E-2DCC5D1A30E7}.Debug|x64.ActiveCfg = Debug|x64
		{CAAD504D-B3F5-4EAD-911E-2DCC5D1A30E7}.Debug|x64.Build.0 = Debug|x64
		{CAAD504D-B3F5-4EAD-911E-2DCC5D1A30E7}.Debug|x64.Deploy.0 = Debug|x64
		{CAAD504D-B3F5-4EAD-911E-2DCC5D1A30E7}.Debug|x86.ActiveCfg = Debug|x86
		{CAAD504D-B3F5-4EAD-911E-2DCC5D1A30E7}.Debug|x86.Build.0 = Debug|x86
		{CAAD504D-B3F5-4EAD-911E-2DCC5D1A30E7}.Debug|x86.Deploy.0 = Debug|x86
		{CAAD504D-B3F5-4EAD-911E-2DCC5D1A30E7}.Release|Any CPU.ActiveCfg = Release|x86
		{CAAD504D-B3F5-4EAD-911E-2DCC5D1A30E7}.Release|ARM.ActiveCfg = Release|ARM
		{CAAD504D-B3F5-4EAD-911E-2DCC5D1A30E7}.Release|ARM.Build.0 = Release|ARM
		{CAAD504D-B3F5-4EAD-911E-2DCC5D1A30E7}.Release|ARM.Deploy.0 = Release|ARM
		{CAAD504D-B3F5-4EAD-911E-2DCC5D1A30E7}.Release|iPhone.ActiveCfg = Release|x86
		{CAAD504D-B3F5-4EAD-911E-2DCC5D1A30E7}.Release|iPhoneSimulator.ActiveCfg = Release|x86
		{CAAD504D-B3F5-4EAD-911E-2DCC5D1A30E7}.Release|x64.ActiveCfg = Release|x64
		{CAAD504D-B3F5-4EAD-911E-2DCC5D1A30E7}.Release|x64.Build.0 = Release|x64
		{CAAD504D-B3F5-4EAD-911E-2DCC5D1A30E7}.Release|x64.Deploy.0 = Release|x64
		{CAAD504D-B3F5-4EAD-911E-2DCC5D1A30E7}.Release|x86.ActiveCfg = Release|x86
		{CAAD504D-B3F5-4EAD-911E-2DCC5D1A30E7}.Release|x86.Build.0 = Release|x86
		{CAAD504D-B3F5-4EAD-911E-2DCC5D1A30E7}.Release|x86.Deploy.0 = Release|x86
		{C1D0CF9B-3F88-4CF9-A5F3-8E69CC239190}.Ad-Hoc|Any CPU.ActiveCfg = Debug|Any CPU
		{C1D0CF9B-3F88-4CF9-A5F3-8E69CC239190}.Ad-Hoc|Any CPU.Build.0 = Debug|Any CPU
		{C1D0CF9B-3F88-4CF9-A5F3-8E69CC239190}.Ad-Hoc|ARM.ActiveCfg = Debug|Any CPU
		{C1D0CF9B-3F88-4CF9-A5F3-8E69CC239190}.Ad-Hoc|ARM.Build.0 = Debug|Any CPU
		{C1D0CF9B-3F88-4CF9-A5F3-8E69CC239190}.Ad-Hoc|iPhone.ActiveCfg = Debug|Any CPU
		{C1D0CF9B-3F88-4CF9-A5F3-8E69CC239190}.Ad-Hoc|iPhone.Build.0 = Debug|Any CPU
		{C1D0CF9B-3F88-4CF9-A5F3-8E69CC239190}.Ad-Hoc|iPhoneSimulator.ActiveCfg = Debug|Any CPU
		{C1D0CF9B-3F88-4CF9-A5F3-8E69CC239190}.Ad-Hoc|iPhoneSimulator.Build.0 = Debug|Any CPU
		{C1D0CF9B-3F88-4CF9-A5F3-8E69CC239190}.Ad-Hoc|x64.ActiveCfg = Debug|Any CPU
		{C1D0CF9B-3F88-4CF9-A5F3-8E69CC239190}.Ad-Hoc|x64.Build.0 = Debug|Any CPU
		{C1D0CF9B-3F88-4CF9-A5F3-8E69CC239190}.Ad-Hoc|x86.ActiveCfg = Debug|Any CPU
		{C1D0CF9B-3F88-4CF9-A5F3-8E69CC239190}.Ad-Hoc|x86.Build.0 = Debug|Any CPU
		{C1D0CF9B-3F88-4CF9-A5F3-8E69CC239190}.AppStore|Any CPU.ActiveCfg = Debug|Any CPU
		{C1D0CF9B-3F88-4CF9-A5F3-8E69CC239190}.AppStore|Any CPU.Build.0 = Debug|Any CPU
		{C1D0CF9B-3F88-4CF9-A5F3-8E69CC239190}.AppStore|ARM.ActiveCfg = Debug|Any CPU
		{C1D0CF9B-3F88-4CF9-A5F3-8E69CC239190}.AppStore|ARM.Build.0 = Debug|Any CPU
		{C1D0CF9B-3F88-4CF9-A5F3-8E69CC239190}.AppStore|iPhone.ActiveCfg = Debug|Any CPU
		{C1D0CF9B-3F88-4CF9-A5F3-8E69CC239190}.AppStore|iPhone.Build.0 = Debug|Any CPU
		{C1D0CF9B-3F88-4CF9-A5F3-8E69CC239190}.AppStore|iPhoneSimulator.ActiveCfg = Debug|Any CPU
		{C1D0CF9B-3F88-4CF9-A5F3-8E69CC239190}.AppStore|iPhoneSimulator.Build.0 = Debug|Any CPU
		{C1D0CF9B-3F88-4CF9-A5F3-8E69CC239190}.AppStore|x64.ActiveCfg = Debug|Any CPU
		{C1D0CF9B-3F88-4CF9-A5F3-8E69CC239190}.AppStore|x64.Build.0 = Debug|Any CPU
		{C1D0CF9B-3F88-4CF9-A5F3-8E69CC239190}.AppStore|x86.ActiveCfg = Debug|Any CPU
		{C1D0CF9B-3F88-4CF9-A5F3-8E69CC239190}.AppStore|x86.Build.0 = Debug|Any CPU
		{C1D0CF9B-3F88-4CF9-A5F3-8E69CC239190}.Debug|Any CPU.ActiveCfg = Debug|Any CPU
		{C1D0CF9B-3F88-4CF9-A5F3-8E69CC239190}.Debug|Any CPU.Build.0 = Debug|Any CPU
		{C1D0CF9B-3F88-4CF9-A5F3-8E69CC239190}.Debug|ARM.ActiveCfg = Debug|Any CPU
		{C1D0CF9B-3F88-4CF9-A5F3-8E69CC239190}.Debug|ARM.Build.0 = Debug|Any CPU
		{C1D0CF9B-3F88-4CF9-A5F3-8E69CC239190}.Debug|iPhone.ActiveCfg = Debug|Any CPU
		{C1D0CF9B-3F88-4CF9-A5F3-8E69CC239190}.Debug|iPhone.Build.0 = Debug|Any CPU
		{C1D0CF9B-3F88-4CF9-A5F3-8E69CC239190}.Debug|iPhoneSimulator.ActiveCfg = Debug|Any CPU
		{C1D0CF9B-3F88-4CF9-A5F3-8E69CC239190}.Debug|iPhoneSimulator.Build.0 = Debug|Any CPU
		{C1D0CF9B-3F88-4CF9-A5F3-8E69CC239190}.Debug|x64.ActiveCfg = Debug|Any CPU
		{C1D0CF9B-3F88-4CF9-A5F3-8E69CC239190}.Debug|x64.Build.0 = Debug|Any CPU
		{C1D0CF9B-3F88-4CF9-A5F3-8E69CC239190}.Debug|x86.ActiveCfg = Debug|Any CPU
		{C1D0CF9B-3F88-4CF9-A5F3-8E69CC239190}.Debug|x86.Build.0 = Debug|Any CPU
		{C1D0CF9B-3F88-4CF9-A5F3-8E69CC239190}.Release|Any CPU.ActiveCfg = Release|Any CPU
		{C1D0CF9B-3F88-4CF9-A5F3-8E69CC239190}.Release|Any CPU.Build.0 = Release|Any CPU
		{C1D0CF9B-3F88-4CF9-A5F3-8E69CC239190}.Release|ARM.ActiveCfg = Release|Any CPU
		{C1D0CF9B-3F88-4CF9-A5F3-8E69CC239190}.Release|ARM.Build.0 = Release|Any CPU
		{C1D0CF9B-3F88-4CF9-A5F3-8E69CC239190}.Release|iPhone.ActiveCfg = Release|Any CPU
		{C1D0CF9B-3F88-4CF9-A5F3-8E69CC239190}.Release|iPhone.Build.0 = Release|Any CPU
		{C1D0CF9B-3F88-4CF9-A5F3-8E69CC239190}.Release|iPhoneSimulator.ActiveCfg = Release|Any CPU
		{C1D0CF9B-3F88-4CF9-A5F3-8E69CC239190}.Release|iPhoneSimulator.Build.0 = Release|Any CPU
		{C1D0CF9B-3F88-4CF9-A5F3-8E69CC239190}.Release|x64.ActiveCfg = Release|Any CPU
		{C1D0CF9B-3F88-4CF9-A5F3-8E69CC239190}.Release|x64.Build.0 = Release|Any CPU
		{C1D0CF9B-3F88-4CF9-A5F3-8E69CC239190}.Release|x86.ActiveCfg = Release|Any CPU
		{C1D0CF9B-3F88-4CF9-A5F3-8E69CC239190}.Release|x86.Build.0 = Release|Any CPU
	EndGlobalSection
	GlobalSection(SolutionProperties) = preSolution
		HideSolutionNode = FALSE
	EndGlobalSection
	GlobalSection(ExtensibilityGlobals) = postSolution
		SolutionGuid = {7F2C5AF8-E53E-4D2A-AC49-24D465DF07CD}
	EndGlobalSection
EndGlobal
